
Microsoft Visual Studio Solution File, Format Version 12.00
# Visual Studio 15
VisualStudioVersion = 15.0.28010.2041
MinimumVisualStudioVersion = 10.0.40219.1
Project("{9A19103F-16F7-4668-BE54-9A1E7A4F7556}") = "sentiment-analyzer", "sentiment-analyzer.csproj", "{2EEB5C7D-D24C-4812-BB35-4159FBAA956C}"
EndProject
Global
	GlobalSection(SolutionConfigurationPlatforms) = preSolution
		Debug|Any CPU = Debug|Any CPU
		Release|Any CPU = Release|Any CPU
	EndGlobalSection
	GlobalSection(ProjectConfigurationPlatforms) = postSolution
		{2EEB5C7D-D24C-4812-BB35-4159FBAA956C}.Debug|Any CPU.ActiveCfg = Debug|Any CPU
		{2EEB5C7D-D24C-4812-BB35-4159FBAA956C}.Debug|Any CPU.Build.0 = Debug|Any CPU
		{2EEB5C7D-D24C-4812-BB35-4159FBAA956C}.Release|Any CPU.ActiveCfg = Release|Any CPU
		{2EEB5C7D-D24C-4812-BB35-4159FBAA956C}.Release|Any CPU.Build.0 = Release|Any CPU
	EndGlobalSection
	GlobalSection(SolutionProperties) = preSolution
		HideSolutionNode = FALSE
	EndGlobalSection
	GlobalSection(ExtensibilityGlobals) = postSolution
		SolutionGuid = {FFA684C0-05EA-4DF2-A18F-F7FA1A545984}
	EndGlobalSection
EndGlobal
